
Microsoft Visual Studio Solution File, Format Version 12.00
# Visual Studio Version 16
VisualStudioVersion = 16.0.33920.266
MinimumVisualStudioVersion = 10.0.40219.1
Project("{FAE04EC0-301F-11D3-BF4B-00C04F79EFBC}") = "WinForm", "WinForm\WinForm.csproj", "{4FA8BF7D-B2BD-42D4-BC60-98FFA0705290}"
EndProject
Global
	GlobalSection(SolutionConfigurationPlatforms) = preSolution
		Debug|Any CPU = Debug|Any CPU
		Release|Any CPU = Release|Any CPU
	EndGlobalSection
	GlobalSection(ProjectConfigurationPlatforms) = postSolution
		{4FA8BF7D-B2BD-42D4-BC60-98FFA0705290}.Debug|Any CPU.ActiveCfg = Debug|Any CPU
		{4FA8BF7D-B2BD-42D4-BC60-98FFA0705290}.Debug|Any CPU.Build.0 = Debug|Any CPU
		{4FA8BF7D-B2BD-42D4-BC60-98FFA0705290}.Release|Any CPU.ActiveCfg = Release|Any CPU
		{4FA8BF7D-B2BD-42D4-BC60-98FFA0705290}.Release|Any CPU.Build.0 = Release|Any CPU
	EndGlobalSection
	GlobalSection(SolutionProperties) = preSolution
		HideSolutionNode = FALSE
	EndGlobalSection
	GlobalSection(ExtensibilityGlobals) = postSolution
		SolutionGuid = {FCAF4880-5297-4237-9C1A-3DB644BD4362}
	EndGlobalSection
EndGlobal
